// !$*UTF8*$!
{
	archiveVersion = 1;
	classes = {
	};
	objectVersion = 56;
	objects = {

/* Begin PBXBuildFile section */
		97661AD22BC2DC980092EF85 /* GameMainView.swift in Sources */ = {isa = PBXBuildFile; fileRef = 97661AD12BC2DC980092EF85 /* GameMainView.swift */; };
		97661AD82BC300BF0092EF85 /* AlertVC.swift in Sources */ = {isa = PBXBuildFile; fileRef = 97661AD72BC300BF0092EF85 /* AlertVC.swift */; };
		97661ADA2BC3288C0092EF85 /* PickSideAlertVC.swift in Sources */ = {isa = PBXBuildFile; fileRef = 97661AD92BC3288C0092EF85 /* PickSideAlertVC.swift */; };
		976DE3122BC52E580012273E /* AlertButton.swift in Sources */ = {isa = PBXBuildFile; fileRef = 976DE3112BC52E580012273E /* AlertButton.swift */; };
		97C4620C2BC2BCFE00B60436 /* GameCell .swift in Sources */ = {isa = PBXBuildFile; fileRef = 97C4620B2BC2BCFE00B60436 /* GameCell .swift */; };
		97CDAD5D2BC40914008D2F7B /* StartGameVC.swift in Sources */ = {isa = PBXBuildFile; fileRef = 97CDAD5C2BC40914008D2F7B /* StartGameVC.swift */; };
		97CDAD5F2BC40BEB008D2F7B /* StartGameView.swift in Sources */ = {isa = PBXBuildFile; fileRef = 97CDAD5E2BC40BEB008D2F7B /* StartGameView.swift */; };
		97CDAD612BC481B0008D2F7B /* Router.swift in Sources */ = {isa = PBXBuildFile; fileRef = 97CDAD602BC481B0008D2F7B /* Router.swift */; };
		97CDAD652BC48BD3008D2F7B /* StartPresenter.swift in Sources */ = {isa = PBXBuildFile; fileRef = 97CDAD642BC48BD3008D2F7B /* StartPresenter.swift */; };
		97CDAD672BC48F6E008D2F7B /* StartScreenAssembly.swift in Sources */ = {isa = PBXBuildFile; fileRef = 97CDAD662BC48F6E008D2F7B /* StartScreenAssembly.swift */; };
		97CEAB3C2BC1A57100269094 /* AppDelegate.swift in Sources */ = {isa = PBXBuildFile; fileRef = 97CEAB3B2BC1A57100269094 /* AppDelegate.swift */; };
		97CEAB3E2BC1A57100269094 /* SceneDelegate.swift in Sources */ = {isa = PBXBuildFile; fileRef = 97CEAB3D2BC1A57100269094 /* SceneDelegate.swift */; };
		97CEAB402BC1A57100269094 /* GameVC.swift in Sources */ = {isa = PBXBuildFile; fileRef = 97CEAB3F2BC1A57100269094 /* GameVC.swift */; };
		97CEAB452BC1A57300269094 /* Assets.xcassets in Resources */ = {isa = PBXBuildFile; fileRef = 97CEAB442BC1A57300269094 /* Assets.xcassets */; };
		97CEAB482BC1A57300269094 /* LaunchScreen.storyboard in Resources */ = {isa = PBXBuildFile; fileRef = 97CEAB462BC1A57300269094 /* LaunchScreen.storyboard */; };
		97CEAB522BC1B23C00269094 /* Cell.swift in Sources */ = {isa = PBXBuildFile; fileRef = 97CEAB512BC1B23C00269094 /* Cell.swift */; };
		97CEAB542BC1B54F00269094 /* GameState.swift in Sources */ = {isa = PBXBuildFile; fileRef = 97CEAB532BC1B54F00269094 /* GameState.swift */; };
/* End PBXBuildFile section */

/* Begin PBXFileReference section */
		97661AD12BC2DC980092EF85 /* GameMainView.swift */ = {isa = PBXFileReference; lastKnownFileType = sourcecode.swift; path = GameMainView.swift; sourceTree = "<group>"; };
		97661AD72BC300BF0092EF85 /* AlertVC.swift */ = {isa = PBXFileReference; lastKnownFileType = sourcecode.swift; path = AlertVC.swift; sourceTree = "<group>"; };
		97661AD92BC3288C0092EF85 /* PickSideAlertVC.swift */ = {isa = PBXFileReference; lastKnownFileType = sourcecode.swift; path = PickSideAlertVC.swift; sourceTree = "<group>"; };
		976DE3112BC52E580012273E /* AlertButton.swift */ = {isa = PBXFileReference; lastKnownFileType = sourcecode.swift; path = AlertButton.swift; sourceTree = "<group>"; };
		97C4620B2BC2BCFE00B60436 /* GameCell .swift */ = {isa = PBXFileReference; lastKnownFileType = sourcecode.swift; path = "GameCell .swift"; sourceTree = "<group>"; };
		97CDAD5C2BC40914008D2F7B /* StartGameVC.swift */ = {isa = PBXFileReference; lastKnownFileType = sourcecode.swift; path = StartGameVC.swift; sourceTree = "<group>"; };
		97CDAD5E2BC40BEB008D2F7B /* StartGameView.swift */ = {isa = PBXFileReference; lastKnownFileType = sourcecode.swift; path = StartGameView.swift; sourceTree = "<group>"; };
		97CDAD602BC481B0008D2F7B /* Router.swift */ = {isa = PBXFileReference; lastKnownFileType = sourcecode.swift; path = Router.swift; sourceTree = "<group>"; };
		97CDAD642BC48BD3008D2F7B /* StartPresenter.swift */ = {isa = PBXFileReference; lastKnownFileType = sourcecode.swift; path = StartPresenter.swift; sourceTree = "<group>"; };
		97CDAD662BC48F6E008D2F7B /* StartScreenAssembly.swift */ = {isa = PBXFileReference; lastKnownFileType = sourcecode.swift; path = StartScreenAssembly.swift; sourceTree = "<group>"; };
		97CEAB382BC1A57100269094 /* TicTacToe.app */ = {isa = PBXFileReference; explicitFileType = wrapper.application; includeInIndex = 0; path = TicTacToe.app; sourceTree = BUILT_PRODUCTS_DIR; };
		97CEAB3B2BC1A57100269094 /* AppDelegate.swift */ = {isa = PBXFileReference; lastKnownFileType = sourcecode.swift; path = AppDelegate.swift; sourceTree = "<group>"; };
		97CEAB3D2BC1A57100269094 /* SceneDelegate.swift */ = {isa = PBXFileReference; lastKnownFileType = sourcecode.swift; path = SceneDelegate.swift; sourceTree = "<group>"; };
		97CEAB3F2BC1A57100269094 /* GameVC.swift */ = {isa = PBXFileReference; lastKnownFileType = sourcecode.swift; path = GameVC.swift; sourceTree = "<group>"; };
		97CEAB442BC1A57300269094 /* Assets.xcassets */ = {isa = PBXFileReference; lastKnownFileType = folder.assetcatalog; path = Assets.xcassets; sourceTree = "<group>"; };
		97CEAB472BC1A57300269094 /* Base */ = {isa = PBXFileReference; lastKnownFileType = file.storyboard; name = Base; path = Base.lproj/LaunchScreen.storyboard; sourceTree = "<group>"; };
		97CEAB492BC1A57300269094 /* Info.plist */ = {isa = PBXFileReference; lastKnownFileType = text.plist.xml; path = Info.plist; sourceTree = "<group>"; };
		97CEAB512BC1B23C00269094 /* Cell.swift */ = {isa = PBXFileReference; lastKnownFileType = sourcecode.swift; path = Cell.swift; sourceTree = "<group>"; };
		97CEAB532BC1B54F00269094 /* GameState.swift */ = {isa = PBXFileReference; lastKnownFileType = sourcecode.swift; path = GameState.swift; sourceTree = "<group>"; };
/* End PBXFileReference section */

/* Begin PBXFrameworksBuildPhase section */
		97CEAB352BC1A57100269094 /* Frameworks */ = {
			isa = PBXFrameworksBuildPhase;
			buildActionMask = 2147483647;
			files = (
			);
			runOnlyForDeploymentPostprocessing = 0;
		};
/* End PBXFrameworksBuildPhase section */

/* Begin PBXGroup section */
		97661AD32BC2DE490092EF85 /* Resources */ = {
			isa = PBXGroup;
			children = (
				97CEAB3B2BC1A57100269094 /* AppDelegate.swift */,
				97CEAB3D2BC1A57100269094 /* SceneDelegate.swift */,
				97CEAB442BC1A57300269094 /* Assets.xcassets */,
				97CEAB462BC1A57300269094 /* LaunchScreen.storyboard */,
			);
			path = Resources;
			sourceTree = "<group>";
		};
		97661AD42BC2DE600092EF85 /* Model */ = {
			isa = PBXGroup;
			children = (
				97CEAB512BC1B23C00269094 /* Cell.swift */,
				97CEAB532BC1B54F00269094 /* GameState.swift */,
			);
			path = Model;
			sourceTree = "<group>";
		};
		97661AD52BC2DE740092EF85 /* Views */ = {
			isa = PBXGroup;
			children = (
				97661AD12BC2DC980092EF85 /* GameMainView.swift */,
				97C4620B2BC2BCFE00B60436 /* GameCell .swift */,
				976DE3112BC52E580012273E /* AlertButton.swift */,
			);
			path = Views;
			sourceTree = "<group>";
		};
		97661AD62BC2DE8A0092EF85 /* ViewControllers */ = {
			isa = PBXGroup;
			children = (
				97CEAB3F2BC1A57100269094 /* GameVC.swift */,
				97661AD72BC300BF0092EF85 /* AlertVC.swift */,
				97661AD92BC3288C0092EF85 /* PickSideAlertVC.swift */,
			);
			path = ViewControllers;
			sourceTree = "<group>";
		};
		97CDAD682BC49541008D2F7B /* StartScreen */ = {
			isa = PBXGroup;
			children = (
				97CDAD642BC48BD3008D2F7B /* StartPresenter.swift */,
				97CDAD5E2BC40BEB008D2F7B /* StartGameView.swift */,
				97CDAD5C2BC40914008D2F7B /* StartGameVC.swift */,
				97CDAD662BC48F6E008D2F7B /* StartScreenAssembly.swift */,
			);
			path = StartScreen;
			sourceTree = "<group>";
		};
		97CDAD692BC49553008D2F7B /* Router */ = {
			isa = PBXGroup;
			children = (
				97CDAD602BC481B0008D2F7B /* Router.swift */,
			);
			path = Router;
			sourceTree = "<group>";
		};
		97CEAB2F2BC1A57100269094 = {
			isa = PBXGroup;
			children = (
				97CEAB3A2BC1A57100269094 /* TicTacToe */,
				97CEAB392BC1A57100269094 /* Products */,
			);
			sourceTree = "<group>";
		};
		97CEAB392BC1A57100269094 /* Products */ = {
			isa = PBXGroup;
			children = (
				97CEAB382BC1A57100269094 /* TicTacToe.app */,
			);
			name = Products;
			sourceTree = "<group>";
		};
		97CEAB3A2BC1A57100269094 /* TicTacToe */ = {
			isa = PBXGroup;
			children = (
				97661AD32BC2DE490092EF85 /* Resources */,
				97CDAD692BC49553008D2F7B /* Router */,
				97661AD42BC2DE600092EF85 /* Model */,
				97661AD52BC2DE740092EF85 /* Views */,
				97661AD62BC2DE8A0092EF85 /* ViewControllers */,
				97CDAD682BC49541008D2F7B /* StartScreen */,
				97CEAB492BC1A57300269094 /* Info.plist */,
			);
			path = TicTacToe;
			sourceTree = "<group>";
		};
/* End PBXGroup section */

/* Begin PBXNativeTarget section */
		97CEAB372BC1A57100269094 /* TicTacToe */ = {
			isa = PBXNativeTarget;
			buildConfigurationList = 97CEAB4C2BC1A57300269094 /* Build configuration list for PBXNativeTarget "TicTacToe" */;
			buildPhases = (
				97CEAB342BC1A57100269094 /* Sources */,
				97CEAB352BC1A57100269094 /* Frameworks */,
				97CEAB362BC1A57100269094 /* Resources */,
			);
			buildRules = (
			);
			dependencies = (
			);
			name = TicTacToe;
			productName = TicTacToe;
			productReference = 97CEAB382BC1A57100269094 /* TicTacToe.app */;
			productType = "com.apple.product-type.application";
		};
/* End PBXNativeTarget section */

/* Begin PBXProject section */
		97CEAB302BC1A57100269094 /* Project object */ = {
			isa = PBXProject;
			attributes = {
				BuildIndependentTargetsInParallel = 1;
				LastSwiftUpdateCheck = 1520;
				LastUpgradeCheck = 1520;
				TargetAttributes = {
					97CEAB372BC1A57100269094 = {
						CreatedOnToolsVersion = 15.2;
					};
				};
			};
			buildConfigurationList = 97CEAB332BC1A57100269094 /* Build configuration list for PBXProject "TicTacToe" */;
			compatibilityVersion = "Xcode 14.0";
			developmentRegion = en;
			hasScannedForEncodings = 0;
			knownRegions = (
				en,
				Base,
			);
			mainGroup = 97CEAB2F2BC1A57100269094;
			productRefGroup = 97CEAB392BC1A57100269094 /* Products */;
			projectDirPath = "";
			projectRoot = "";
			targets = (
				97CEAB372BC1A57100269094 /* TicTacToe */,
			);
		};
/* End PBXProject section */

/* Begin PBXResourcesBuildPhase section */
		97CEAB362BC1A57100269094 /* Resources */ = {
			isa = PBXResourcesBuildPhase;
			buildActionMask = 2147483647;
			files = (
				97CEAB482BC1A57300269094 /* LaunchScreen.storyboard in Resources */,
				97CEAB452BC1A57300269094 /* Assets.xcassets in Resources */,
			);
			runOnlyForDeploymentPostprocessing = 0;
		};
/* End PBXResourcesBuildPhase section */

/* Begin PBXSourcesBuildPhase section */
		97CEAB342BC1A57100269094 /* Sources */ = {
			isa = PBXSourcesBuildPhase;
			buildActionMask = 2147483647;
			files = (
				97CEAB402BC1A57100269094 /* GameVC.swift in Sources */,
				97661AD82BC300BF0092EF85 /* AlertVC.swift in Sources */,
				97CEAB3C2BC1A57100269094 /* AppDelegate.swift in Sources */,
				97CDAD652BC48BD3008D2F7B /* StartPresenter.swift in Sources */,
				97CEAB522BC1B23C00269094 /* Cell.swift in Sources */,
				97CDAD612BC481B0008D2F7B /* Router.swift in Sources */,
				97C4620C2BC2BCFE00B60436 /* GameCell .swift in Sources */,
				97CEAB542BC1B54F00269094 /* GameState.swift in Sources */,
				97CDAD672BC48F6E008D2F7B /* StartScreenAssembly.swift in Sources */,
				97CEAB3E2BC1A57100269094 /* SceneDelegate.swift in Sources */,
				97CDAD5D2BC40914008D2F7B /* StartGameVC.swift in Sources */,
				97661AD22BC2DC980092EF85 /* GameMainView.swift in Sources */,
				97661ADA2BC3288C0092EF85 /* PickSideAlertVC.swift in Sources */,
				97CDAD5F2BC40BEB008D2F7B /* StartGameView.swift in Sources */,
				976DE3122BC52E580012273E /* AlertButton.swift in Sources */,
			);
			runOnlyForDeploymentPostprocessing = 0;
		};
/* End PBXSourcesBuildPhase section */

/* Begin PBXVariantGroup section */
		97CEAB462BC1A57300269094 /* LaunchScreen.storyboard */ = {
			isa = PBXVariantGroup;
			children = (
				97CEAB472BC1A57300269094 /* Base */,
			);
			name = LaunchScreen.storyboard;
			sourceTree = "<group>";
		};
/* End PBXVariantGroup section */

/* Begin XCBuildConfiguration section */
		97CEAB4A2BC1A57300269094 /* Debug */ = {
			isa = XCBuildConfiguration;
			buildSettings = {
				ALWAYS_SEARCH_USER_PATHS = NO;
				ASSETCATALOG_COMPILER_GENERATE_SWIFT_ASSET_SYMBOL_EXTENSIONS = YES;
				CLANG_ANALYZER_NONNULL = YES;
				CLANG_ANALYZER_NUMBER_OBJECT_CONVERSION = YES_AGGRESSIVE;
				CLANG_CXX_LANGUAGE_STANDARD = "gnu++20";
				CLANG_ENABLE_MODULES = YES;
				CLANG_ENABLE_OBJC_ARC = YES;
				CLANG_ENABLE_OBJC_WEAK = YES;
				CLANG_WARN_BLOCK_CAPTURE_AUTORELEASING = YES;
				CLANG_WARN_BOOL_CONVERSION = YES;
				CLANG_WARN_COMMA = YES;
				CLANG_WARN_CONSTANT_CONVERSION = YES;
				CLANG_WARN_DEPRECATED_OBJC_IMPLEMENTATIONS = YES;
				CLANG_WARN_DIRECT_OBJC_ISA_USAGE = YES_ERROR;
				CLANG_WARN_DOCUMENTATION_COMMENTS = YES;
				CLANG_WARN_EMPTY_BODY = YES;
				CLANG_WARN_ENUM_CONVERSION = YES;
				CLANG_WARN_INFINITE_RECURSION = YES;
				CLANG_WARN_INT_CONVERSION = YES;
				CLANG_WARN_NON_LITERAL_NULL_CONVERSION = YES;
				CLANG_WARN_OBJC_IMPLICIT_RETAIN_SELF = YES;
				CLANG_WARN_OBJC_LITERAL_CONVERSION = YES;
				CLANG_WARN_OBJC_ROOT_CLASS = YES_ERROR;
				CLANG_WARN_QUOTED_INCLUDE_IN_FRAMEWORK_HEADER = YES;
				CLANG_WARN_RANGE_LOOP_ANALYSIS = YES;
				CLANG_WARN_STRICT_PROTOTYPES = YES;
				CLANG_WARN_SUSPICIOUS_MOVE = YES;
				CLANG_WARN_UNGUARDED_AVAILABILITY = YES_AGGRESSIVE;
				CLANG_WARN_UNREACHABLE_CODE = YES;
				CLANG_WARN__DUPLICATE_METHOD_MATCH = YES;
				COPY_PHASE_STRIP = NO;
				DEBUG_INFORMATION_FORMAT = dwarf;
				ENABLE_STRICT_OBJC_MSGSEND = YES;
				ENABLE_TESTABILITY = YES;
				ENABLE_USER_SCRIPT_SANDBOXING = YES;
				GCC_C_LANGUAGE_STANDARD = gnu17;
				GCC_DYNAMIC_NO_PIC = NO;
				GCC_NO_COMMON_BLOCKS = YES;
				GCC_OPTIMIZATION_LEVEL = 0;
				GCC_PREPROCESSOR_DEFINITIONS = (
					"DEBUG=1",
					"$(inherited)",
				);
				GCC_WARN_64_TO_32_BIT_CONVERSION = YES;
				GCC_WARN_ABOUT_RETURN_TYPE = YES_ERROR;
				GCC_WARN_UNDECLARED_SELECTOR = YES;
				GCC_WARN_UNINITIALIZED_AUTOS = YES_AGGRESSIVE;
				GCC_WARN_UNUSED_FUNCTION = YES;
				GCC_WARN_UNUSED_VARIABLE = YES;
				IPHONEOS_DEPLOYMENT_TARGET = 17.2;
				LOCALIZATION_PREFERS_STRING_CATALOGS = YES;
				MTL_ENABLE_DEBUG_INFO = INCLUDE_SOURCE;
				MTL_FAST_MATH = YES;
				ONLY_ACTIVE_ARCH = YES;
				SDKROOT = iphoneos;
				SWIFT_ACTIVE_COMPILATION_CONDITIONS = "DEBUG $(inherited)";
				SWIFT_OPTIMIZATION_LEVEL = "-Onone";
			};
			name = Debug;
		};
		97CEAB4B2BC1A57300269094 /* Release */ = {
			isa = XCBuildConfiguration;
			buildSettings = {
				ALWAYS_SEARCH_USER_PATHS = NO;
				ASSETCATALOG_COMPILER_GENERATE_SWIFT_ASSET_SYMBOL_EXTENSIONS = YES;
				CLANG_ANALYZER_NONNULL = YES;
				CLANG_ANALYZER_NUMBER_OBJECT_CONVERSION = YES_AGGRESSIVE;
				CLANG_CXX_LANGUAGE_STANDARD = "gnu++20";
				CLANG_ENABLE_MODULES = YES;
				CLANG_ENABLE_OBJC_ARC = YES;
				CLANG_ENABLE_OBJC_WEAK = YES;
				CLANG_WARN_BLOCK_CAPTURE_AUTORELEASING = YES;
				CLANG_WARN_BOOL_CONVERSION = YES;
				CLANG_WARN_COMMA = YES;
				CLANG_WARN_CONSTANT_CONVERSION = YES;
				CLANG_WARN_DEPRECATED_OBJC_IMPLEMENTATIONS = YES;
				CLANG_WARN_DIRECT_OBJC_ISA_USAGE = YES_ERROR;
				CLANG_WARN_DOCUMENTATION_COMMENTS = YES;
				CLANG_WARN_EMPTY_BODY = YES;
				CLANG_WARN_ENUM_CONVERSION = YES;
				CLANG_WARN_INFINITE_RECURSION = YES;
				CLANG_WARN_INT_CONVERSION = YES;
				CLANG_WARN_NON_LITERAL_NULL_CONVERSION = YES;
				CLANG_WARN_OBJC_IMPLICIT_RETAIN_SELF = YES;
				CLANG_WARN_OBJC_LITERAL_CONVERSION = YES;
				CLANG_WARN_OBJC_ROOT_CLASS = YES_ERROR;
				CLANG_WARN_QUOTED_INCLUDE_IN_FRAMEWORK_HEADER = YES;
				CLANG_WARN_RANGE_LOOP_ANALYSIS = YES;
				CLANG_WARN_STRICT_PROTOTYPES = YES;
				CLANG_WARN_SUSPICIOUS_MOVE = YES;
				CLANG_WARN_UNGUARDED_AVAILABILITY = YES_AGGRESSIVE;
				CLANG_WARN_UNREACHABLE_CODE = YES;
				CLANG_WARN__DUPLICATE_METHOD_MATCH = YES;
				COPY_PHASE_STRIP = NO;
				DEBUG_INFORMATION_FORMAT = "dwarf-with-dsym";
				ENABLE_NS_ASSERTIONS = NO;
				ENABLE_STRICT_OBJC_MSGSEND = YES;
				ENABLE_USER_SCRIPT_SANDBOXING = YES;
				GCC_C_LANGUAGE_STANDARD = gnu17;
				GCC_NO_COMMON_BLOCKS = YES;
				GCC_WARN_64_TO_32_BIT_CONVERSION = YES;
				GCC_WARN_ABOUT_RETURN_TYPE = YES_ERROR;
				GCC_WARN_UNDECLARED_SELECTOR = YES;
				GCC_WARN_UNINITIALIZED_AUTOS = YES_AGGRESSIVE;
				GCC_WARN_UNUSED_FUNCTION = YES;
				GCC_WARN_UNUSED_VARIABLE = YES;
				IPHONEOS_DEPLOYMENT_TARGET = 17.2;
				LOCALIZATION_PREFERS_STRING_CATALOGS = YES;
				MTL_ENABLE_DEBUG_INFO = NO;
				MTL_FAST_MATH = YES;
				SDKROOT = iphoneos;
				SWIFT_COMPILATION_MODE = wholemodule;
				VALIDATE_PRODUCT = YES;
			};
			name = Release;
		};
		97CEAB4D2BC1A57300269094 /* Debug */ = {
			isa = XCBuildConfiguration;
			buildSettings = {
				ASSETCATALOG_COMPILER_APPICON_NAME = AppIcon;
				ASSETCATALOG_COMPILER_GLOBAL_ACCENT_COLOR_NAME = AccentColor;
				CODE_SIGN_STYLE = Automatic;
				CURRENT_PROJECT_VERSION = 1;
				DEVELOPMENT_TEAM = RMB7NLP62Y;
				GENERATE_INFOPLIST_FILE = YES;
				INFOPLIST_FILE = TicTacToe/Info.plist;
				INFOPLIST_KEY_UIApplicationSupportsIndirectInputEvents = YES;
				INFOPLIST_KEY_UILaunchStoryboardName = LaunchScreen;
				INFOPLIST_KEY_UISupportedInterfaceOrientations_iPad = "UIInterfaceOrientationPortrait UIInterfaceOrientationPortraitUpsideDown UIInterfaceOrientationLandscapeLeft UIInterfaceOrientationLandscapeRight";
				INFOPLIST_KEY_UISupportedInterfaceOrientations_iPhone = "UIInterfaceOrientationPortrait UIInterfaceOrientationLandscapeLeft UIInterfaceOrientationLandscapeRight";
				LD_RUNPATH_SEARCH_PATHS = (
					"$(inherited)",
					"@executable_path/Frameworks",
				);
				MARKETING_VERSION = 1.0;
				PRODUCT_BUNDLE_IDENTIFIER = com.myaumura.TicTacToe;
				PRODUCT_NAME = "$(TARGET_NAME)";
				SWIFT_EMIT_LOC_STRINGS = YES;
				SWIFT_VERSION = 5.0;
				TARGETED_DEVICE_FAMILY = "1,2";
			};
			name = Debug;
		};
		97CEAB4E2BC1A57300269094 /* Release */ = {
			isa = XCBuildConfiguration;
			buildSettings = {
				ASSETCATALOG_COMPILER_APPICON_NAME = AppIcon;
				ASSETCATALOG_COMPILER_GLOBAL_ACCENT_COLOR_NAME = AccentColor;
				CODE_SIGN_STYLE = Automatic;
				CURRENT_PROJECT_VERSION = 1;
				DEVELOPMENT_TEAM = RMB7NLP62Y;
				GENERATE_INFOPLIST_FILE = YES;
				INFOPLIST_FILE = TicTacToe/Info.plist;
				INFOPLIST_KEY_UIApplicationSupportsIndirectInputEvents = YES;
				INFOPLIST_KEY_UILaunchStoryboardName = LaunchScreen;
				INFOPLIST_KEY_UISupportedInterfaceOrientations_iPad = "UIInterfaceOrientationPortrait UIInterfaceOrientationPortraitUpsideDown UIInterfaceOrientationLandscapeLeft UIInterfaceOrientationLandscapeRight";
				INFOPLIST_KEY_UISupportedInterfaceOrientations_iPhone = "UIInterfaceOrientationPortrait UIInterfaceOrientationLandscapeLeft UIInterfaceOrientationLandscapeRight";
				LD_RUNPATH_SEARCH_PATHS = (
					"$(inherited)",
					"@executable_path/Frameworks",
				);
				MARKETING_VERSION = 1.0;
				PRODUCT_BUNDLE_IDENTIFIER = com.myaumura.TicTacToe;
				PRODUCT_NAME = "$(TARGET_NAME)";
				SWIFT_EMIT_LOC_STRINGS = YES;
				SWIFT_VERSION = 5.0;
				TARGETED_DEVICE_FAMILY = "1,2";
			};
			name = Release;
		};
/* End XCBuildConfiguration section */

/* Begin XCConfigurationList section */
		97CEAB332BC1A57100269094 /* Build configuration list for PBXProject "TicTacToe" */ = {
			isa = XCConfigurationList;
			buildConfigurations = (
				97CEAB4A2BC1A57300269094 /* Debug */,
				97CEAB4B2BC1A57300269094 /* Release */,
			);
			defaultConfigurationIsVisible = 0;
			defaultConfigurationName = Release;
		};
		97CEAB4C2BC1A57300269094 /* Build configuration list for PBXNativeTarget "TicTacToe" */ = {
			isa = XCConfigurationList;
			buildConfigurations = (
				97CEAB4D2BC1A57300269094 /* Debug */,
				97CEAB4E2BC1A57300269094 /* Release */,
			);
			defaultConfigurationIsVisible = 0;
			defaultConfigurationName = Release;
		};
/* End XCConfigurationList section */
	};
	rootObject = 97CEAB302BC1A57100269094 /* Project object */;
}
